
Microsoft Visual Studio Solution File, Format Version 12.00
# Visual Studio Version 17
VisualStudioVersion = 17.10.34928.147
MinimumVisualStudioVersion = 10.0.40219.1
Project("{888888A0-9F3D-457C-B088-3A5042F75D52}") = "Solo2Coco.Convertors", "Solo2Coco.Convertors\Solo2Coco.Convertors.pyproj", "{248CAC08-5A7F-427F-B035-C609844EBAC2}"
EndProject
Global
	GlobalSection(SolutionConfigurationPlatforms) = preSolution
		Debug|Any CPU = Debug|Any CPU
		Release|Any CPU = Release|Any CPU
	EndGlobalSection
	GlobalSection(ProjectConfigurationPlatforms) = postSolution
		{248CAC08-5A7F-427F-B035-C609844EBAC2}.Debug|Any CPU.ActiveCfg = Debug|Any CPU
		{248CAC08-5A7F-427F-B035-C609844EBAC2}.Release|Any CPU.ActiveCfg = Release|Any CPU
	EndGlobalSection
	GlobalSection(SolutionProperties) = preSolution
		HideSolutionNode = FALSE
	EndGlobalSection
	GlobalSection(ExtensibilityGlobals) = postSolution
		SolutionGuid = {66798B87-5CFD-470A-A1D9-8452A17EA406}
	EndGlobalSection
EndGlobal
